
Microsoft Visual Studio Solution File, Format Version 12.00
# Visual Studio Version 16
VisualStudioVersion = 16.0.30804.86
MinimumVisualStudioVersion = 10.0.40219.1
Project("{FAE04EC0-301F-11D3-BF4B-00C04F79EFBC}") = "collab-teleport", "collab-teleport\collab-teleport.csproj", "{B3C916B8-CBE1-47EA-A1A1-A80668DC4CE6}"
EndProject
Global
	GlobalSection(SolutionConfigurationPlatforms) = preSolution
		Debug|Any CPU = Debug|Any CPU
		Release|Any CPU = Release|Any CPU
	EndGlobalSection
	GlobalSection(ProjectConfigurationPlatforms) = postSolution
		{B3C916B8-CBE1-47EA-A1A1-A80668DC4CE6}.Debug|Any CPU.ActiveCfg = Debug|Any CPU
		{B3C916B8-CBE1-47EA-A1A1-A80668DC4CE6}.Debug|Any CPU.Build.0 = Debug|Any CPU
		{B3C916B8-CBE1-47EA-A1A1-A80668DC4CE6}.Release|Any CPU.ActiveCfg = Release|Any CPU
		{B3C916B8-CBE1-47EA-A1A1-A80668DC4CE6}.Release|Any CPU.Build.0 = Release|Any CPU
	EndGlobalSection
	GlobalSection(SolutionProperties) = preSolution
		HideSolutionNode = FALSE
	EndGlobalSection
	GlobalSection(ExtensibilityGlobals) = postSolution
		SolutionGuid = {C87835A6-2288-435D-81FF-BB5E1B39493A}
	EndGlobalSection
EndGlobal
